
Microsoft Visual Studio Solution File, Format Version 12.00
# Visual Studio Version 17
VisualStudioVersion = 17.8.34316.72
MinimumVisualStudioVersion = 10.0.40219.1
Project("{FAE04EC0-301F-11D3-BF4B-00C04F79EFBC}") = "Сommunity", "Сommunity\Сommunity.csproj", "{D045C7B2-E151-490E-A8CE-5C74AEB6C6E2}"
EndProject
Global
	GlobalSection(SolutionConfigurationPlatforms) = preSolution
		Debug|Any CPU = Debug|Any CPU
		Release|Any CPU = Release|Any CPU
	EndGlobalSection
	GlobalSection(ProjectConfigurationPlatforms) = postSolution
		{D045C7B2-E151-490E-A8CE-5C74AEB6C6E2}.Debug|Any CPU.ActiveCfg = Debug|Any CPU
		{D045C7B2-E151-490E-A8CE-5C74AEB6C6E2}.Debug|Any CPU.Build.0 = Debug|Any CPU
		{D045C7B2-E151-490E-A8CE-5C74AEB6C6E2}.Release|Any CPU.ActiveCfg = Release|Any CPU
		{D045C7B2-E151-490E-A8CE-5C74AEB6C6E2}.Release|Any CPU.Build.0 = Release|Any CPU
	EndGlobalSection
	GlobalSection(SolutionProperties) = preSolution
		HideSolutionNode = FALSE
	EndGlobalSection
	GlobalSection(ExtensibilityGlobals) = postSolution
		SolutionGuid = {1658C0BC-61C3-418C-9CF7-BEAEA013E6AB}
	EndGlobalSection
EndGlobal
